# Files vendored from other repositories and kept byte-equal to their source by
# vendor-sync.sh, one per line: LOCAL OWNER/REPO PATH COMMIT BLOB [manual]. Never edit a
# copy in place: change it at its source and let the weekly cascade bring it back. How it
# works: references/bump-cascade.md in https://github.com/rokokol/ci-skill
vendor-sync.sh rokokol/ci-skill templates/vendor-sync.sh cfa9fb1ae44f73117feed5fa01811e84bae553a0 176a58470c142a98cb6434a889b3e98fea266ad3
check-pins.sh rokokol/ci-skill templates/check-pins.sh cfa9fb1ae44f73117feed5fa01811e84bae553a0 c86f8288606d532f7982206eea8e8a310315d7f6
.github/workflows/vendor-sync.yml rokokol/ci-skill templates/github/workflows/vendor-sync.yml d55020ab3ca780ea6299336d923b8a3fcb8f491d a5bde77f98d55a43b2c993f4c96a952e0b68010d manual
