# Files vendored from other repositories and kept byte-equal to their source by
# vendor-sync.sh, one per line: LOCAL OWNER/REPO PATH COMMIT BLOB [manual]. Never edit a
# copy in place: change it at its source and let the weekly cascade bring it back. How it
# works: references/bump-cascade.md in https://github.com/rokokol/ci-skill
vendor-sync.sh rokokol/ci-skill templates/vendor-sync.sh 65a870043a54563fe72302de56b9d06ce932adbd 65748845239e8495855de9e11fb36dd633c372c6
check-pins.sh rokokol/ci-skill templates/check-pins.sh 65a870043a54563fe72302de56b9d06ce932adbd f44a172369006a0aae79f4a4f0f1d6e6afde2203
.github/workflows/vendor-sync.yml rokokol/ci-skill templates/github/workflows/vendor-sync.yml d55020ab3ca780ea6299336d923b8a3fcb8f491d a5bde77f98d55a43b2c993f4c96a952e0b68010d manual
