{
  "nodes": {
    "ddlc-palette": {
      "inputs": {
        "nixpkgs": [
          "ddlc-themes",
          "nixpkgs"
        ]
      },
      "locked": {
        "lastModified": 1791201972,
        "narHash": "sha256-ddBzpIRhdSZkKfBOxolPix9c82ytoYw7VwWynfFOvs4=",
        "owner": "rokokol",
        "repo": "ddlc-palette",
        "rev": "f83687139665905790ea1caf2fc2760d26d2f0d5",
        "type": "github"
      },
      "original": {
        "owner": "rokokol",
        "repo": "ddlc-palette",
        "type": "github"
      }
    },
    "ddlc-themes": {
      "inputs": {
        "ddlc-palette": "ddlc-palette",
        "nixpkgs": [
          "nixpkgs"
        ]
      },
      "locked": {
        "lastModified": 1791462568,
        "narHash": "sha256-2rEoJgN8JoYx0B9dKA5wGrdd1Ry5JIjjI4/P+g/Gm5Q=",
        "owner": "rokokol",
        "repo": "ddlc-themes",
        "rev": "b06ac2320866c090f467f98e510b4e6a15d6d74b",
        "type": "github"
      },
      "original": {
        "owner": "rokokol",
        "repo": "ddlc-themes",
        "type": "github"
      }
    },
    "nixpkgs": {
      "locked": {
        "lastModified": 1787736819,
        "narHash": "sha256-cV5xEJJK3BvhU8rEd4mC9UsmDi5qscv/kzGPhBRC5WA=",
        "owner": "NixOS",
        "repo": "nixpkgs",
        "rev": "9fbb54b33e91ee4ca368e35a78e0613c720600b3",
        "type": "github"
      },
      "original": {
        "owner": "NixOS",
        "ref": "nixos-unstable",
        "repo": "nixpkgs",
        "type": "github"
      }
    },
    "root": {
      "inputs": {
        "ddlc-themes": "ddlc-themes",
        "nixpkgs": "nixpkgs"
      }
    }
  },
  "root": "root",
  "version": 7
}
